
Microsoft Visual Studio Solution File, Format Version 12.00
# Visual Studio Version 16
VisualStudioVersion = 16.0.31729.503
MinimumVisualStudioVersion = 10.0.40219.1
Project("{FAE04EC0-301F-11D3-BF4B-00C04F79EFBC}") = "ConsoleApp1", "ConsoleApp1\ConsoleApp1.csproj", "{7DBD2D93-49DB-497F-AA15-D2FCCD3C915A}"
EndProject
Global
	GlobalSection(SolutionConfigurationPlatforms) = preSolution
		Debug|Any CPU = Debug|Any CPU
		Release|Any CPU = Release|Any CPU
	EndGlobalSection
	GlobalSection(ProjectConfigurationPlatforms) = postSolution
		{7DBD2D93-49DB-497F-AA15-D2FCCD3C915A}.Debug|Any CPU.ActiveCfg = Debug|Any CPU
		{7DBD2D93-49DB-497F-AA15-D2FCCD3C915A}.Debug|Any CPU.Build.0 = Debug|Any CPU
		{7DBD2D93-49DB-497F-AA15-D2FCCD3C915A}.Release|Any CPU.ActiveCfg = Release|Any CPU
		{7DBD2D93-49DB-497F-AA15-D2FCCD3C915A}.Release|Any CPU.Build.0 = Release|Any CPU
	EndGlobalSection
	GlobalSection(SolutionProperties) = preSolution
		HideSolutionNode = FALSE
	EndGlobalSection
	GlobalSection(ExtensibilityGlobals) = postSolution
		SolutionGuid = {03480914-D6E9-44B1-A7C0-80375F6CBC2B}
	EndGlobalSection
EndGlobal
